
Microsoft Visual Studio Solution File, Format Version 12.00
# Visual Studio Version 17
VisualStudioVersion = 17.9.34616.47
MinimumVisualStudioVersion = 10.0.40219.1
Project("{8BC9CEB8-8B4A-11D0-8D11-00A0C91BC942}") = "1", "1\1.vcxproj", "{DDA81973-FBE4-44D0-9A91-D59F4BB028B4}"
EndProject
Global
	GlobalSection(SolutionConfigurationPlatforms) = preSolution
		Debug|x64 = Debug|x64
		Debug|x86 = Debug|x86
		Release|x64 = Release|x64
		Release|x86 = Release|x86
	EndGlobalSection
	GlobalSection(ProjectConfigurationPlatforms) = postSolution
		{DDA81973-FBE4-44D0-9A91-D59F4BB028B4}.Debug|x64.ActiveCfg = Debug|x64
		{DDA81973-FBE4-44D0-9A91-D59F4BB028B4}.Debug|x64.Build.0 = Debug|x64
		{DDA81973-FBE4-44D0-9A91-D59F4BB028B4}.Debug|x86.ActiveCfg = Debug|Win32
		{DDA81973-FBE4-44D0-9A91-D59F4BB028B4}.Debug|x86.Build.0 = Debug|Win32
		{DDA81973-FBE4-44D0-9A91-D59F4BB028B4}.Release|x64.ActiveCfg = Release|x64
		{DDA81973-FBE4-44D0-9A91-D59F4BB028B4}.Release|x64.Build.0 = Release|x64
		{DDA81973-FBE4-44D0-9A91-D59F4BB028B4}.Release|x86.ActiveCfg = Release|Win32
		{DDA81973-FBE4-44D0-9A91-D59F4BB028B4}.Release|x86.Build.0 = Release|Win32
	EndGlobalSection
	GlobalSection(SolutionProperties) = preSolution
		HideSolutionNode = FALSE
	EndGlobalSection
	GlobalSection(ExtensibilityGlobals) = postSolution
		SolutionGuid = {E73F79B4-5515-4A78-B4BD-96350CACFAA4}
	EndGlobalSection
EndGlobal
